
Microsoft Visual Studio Solution File, Format Version 12.00
# Visual Studio Version 17
VisualStudioVersion = 17.10.35122.118
MinimumVisualStudioVersion = 10.0.40219.1
Project("{9A19103F-16F7-4668-BE54-9A1E7A4F7556}") = "trilha-net-azure-desafio", "trilha-net-azure-desafio.csproj", "{8FBDC3F8-DE83-4BCA-A3C3-94B1604F92B2}"
EndProject
Global
	GlobalSection(SolutionConfigurationPlatforms) = preSolution
		Debug|Any CPU = Debug|Any CPU
		Release|Any CPU = Release|Any CPU
	EndGlobalSection
	GlobalSection(ProjectConfigurationPlatforms) = postSolution
		{8FBDC3F8-DE83-4BCA-A3C3-94B1604F92B2}.Debug|Any CPU.ActiveCfg = Debug|Any CPU
		{8FBDC3F8-DE83-4BCA-A3C3-94B1604F92B2}.Debug|Any CPU.Build.0 = Debug|Any CPU
		{8FBDC3F8-DE83-4BCA-A3C3-94B1604F92B2}.Release|Any CPU.ActiveCfg = Release|Any CPU
		{8FBDC3F8-DE83-4BCA-A3C3-94B1604F92B2}.Release|Any CPU.Build.0 = Release|Any CPU
	EndGlobalSection
	GlobalSection(SolutionProperties) = preSolution
		HideSolutionNode = FALSE
	EndGlobalSection
	GlobalSection(ExtensibilityGlobals) = postSolution
		SolutionGuid = {24712071-3253-4BE7-9419-323772122BC3}
	EndGlobalSection
EndGlobal
